Microsoft Visual Studio Solution File, Format Version 11.00
# Visual Studio 2008

Project("{A873AF26-79AD-8823-D64D-1B3FAA95ADA2}") = "Smaug", "Assembly-CSharp-firstpass.csproj", "{F6F85AE2-A192-B88E-C8F8-6C42B58C286E}"
EndProject
Project("{A873AF26-79AD-8823-D64D-1B3FAA95ADA2}") = "Smaug", "Assembly-CSharp.csproj", "{0724EF20-47A6-3B16-1E30-B7457418E09A}"
EndProject
Project("{A873AF26-79AD-8823-D64D-1B3FAA95ADA2}") = "Smaug", "Assembly-CSharp-Editor.csproj", "{6428B099-7E57-3B61-C915-43E78E2BA2A6}"
EndProject
Global
	GlobalSection(SolutionConfigurationPlatforms) = preSolution
		Debug|Any CPU = Debug|Any CPU
		Release|Any CPU = Release|Any CPU
	EndGlobalSection
	GlobalSection(ProjectConfigurationPlatforms) = postSolution
		{F6F85AE2-A192-B88E-C8F8-6C42B58C286E}.Debug|Any CPU.ActiveCfg = Debug|Any CPU
		{F6F85AE2-A192-B88E-C8F8-6C42B58C286E}.Debug|Any CPU.Build.0 = Debug|Any CPU
		{F6F85AE2-A192-B88E-C8F8-6C42B58C286E}.Release|Any CPU.ActiveCfg = Release|Any CPU
		{F6F85AE2-A192-B88E-C8F8-6C42B58C286E}.Release|Any CPU.Build.0 = Release|Any CPU
		{0724EF20-47A6-3B16-1E30-B7457418E09A}.Debug|Any CPU.ActiveCfg = Debug|Any CPU
		{0724EF20-47A6-3B16-1E30-B7457418E09A}.Debug|Any CPU.Build.0 = Debug|Any CPU
		{0724EF20-47A6-3B16-1E30-B7457418E09A}.Release|Any CPU.ActiveCfg = Release|Any CPU
		{0724EF20-47A6-3B16-1E30-B7457418E09A}.Release|Any CPU.Build.0 = Release|Any CPU
		{6428B099-7E57-3B61-C915-43E78E2BA2A6}.Debug|Any CPU.ActiveCfg = Debug|Any CPU
		{6428B099-7E57-3B61-C915-43E78E2BA2A6}.Debug|Any CPU.Build.0 = Debug|Any CPU
		{6428B099-7E57-3B61-C915-43E78E2BA2A6}.Release|Any CPU.ActiveCfg = Release|Any CPU
		{6428B099-7E57-3B61-C915-43E78E2BA2A6}.Release|Any CPU.Build.0 = Release|Any CPU
	EndGlobalSection
	GlobalSection(SolutionProperties) = preSolution
		HideSolutionNode = FALSE
	EndGlobalSection
	GlobalSection(MonoDevelopProperties) = preSolution
		StartupItem = Assembly-CSharp.csproj
	EndGlobalSection
EndGlobal
